
Microsoft Visual Studio Solution File, Format Version 12.00
# Visual Studio Version 17
VisualStudioVersion = 17.1.32328.378
MinimumVisualStudioVersion = 10.0.40219.1
Project("{FAE04EC0-301F-11D3-BF4B-00C04F79EFBC}") = "WorkOut", "WorkOut.csproj", "{7E3296EF-FB0E-4748-B1CA-4053115C76B3}"
EndProject
Global
	GlobalSection(SolutionConfigurationPlatforms) = preSolution
		Debug|Any CPU = Debug|Any CPU
		Release|Any CPU = Release|Any CPU
	EndGlobalSection
	GlobalSection(ProjectConfigurationPlatforms) = postSolution
		{7E3296EF-FB0E-4748-B1CA-4053115C76B3}.Debug|Any CPU.ActiveCfg = Debug|Any CPU
		{7E3296EF-FB0E-4748-B1CA-4053115C76B3}.Debug|Any CPU.Build.0 = Debug|Any CPU
		{7E3296EF-FB0E-4748-B1CA-4053115C76B3}.Release|Any CPU.ActiveCfg = Release|Any CPU
		{7E3296EF-FB0E-4748-B1CA-4053115C76B3}.Release|Any CPU.Build.0 = Release|Any CPU
	EndGlobalSection
	GlobalSection(SolutionProperties) = preSolution
		HideSolutionNode = FALSE
	EndGlobalSection
	GlobalSection(ExtensibilityGlobals) = postSolution
		SolutionGuid = {BB734568-D0F5-4C5F-8ABA-52F3C4C76C12}
	EndGlobalSection
EndGlobal
